// !$*UTF8*$!
{
	archiveVersion = 1;
	classes = {
	};
	objectVersion = 50;
	objects = {

/* Begin PBXBuildFile section */
		FE3996B6240658DB00BE59FA /* EnterDataViewController.swift in Sources */ = {isa = PBXBuildFile; fileRef = FE3996B5240658DB00BE59FA /* EnterDataViewController.swift */; };
		FE3996B82406638B00BE59FA /* EnterDataViewModel.swift in Sources */ = {isa = PBXBuildFile; fileRef = FE3996B72406638B00BE59FA /* EnterDataViewModel.swift */; };
		FE3996BB240666D300BE59FA /* ToastDisplayView.xib in Resources */ = {isa = PBXBuildFile; fileRef = FE3996B9240666D200BE59FA /* ToastDisplayView.xib */; };
		FE3996BC240666D300BE59FA /* ToastDisplayView.swift in Sources */ = {isa = PBXBuildFile; fileRef = FE3996BA240666D300BE59FA /* ToastDisplayView.swift */; };
		FE3996BE240683C100BE59FA /* RecordViewController.swift in Sources */ = {isa = PBXBuildFile; fileRef = FE3996BD240683C100BE59FA /* RecordViewController.swift */; };
		FE3996C524068CAB00BE59FA /* RecordsTableViewCell.swift in Sources */ = {isa = PBXBuildFile; fileRef = FE3996C324068CAB00BE59FA /* RecordsTableViewCell.swift */; };
		FE3996C624068CAB00BE59FA /* RecordsTableViewCell.xib in Resources */ = {isa = PBXBuildFile; fileRef = FE3996C424068CAB00BE59FA /* RecordsTableViewCell.xib */; };
		FE7E53EB240642380064EBD2 /* AppDelegate.swift in Sources */ = {isa = PBXBuildFile; fileRef = FE7E53EA240642380064EBD2 /* AppDelegate.swift */; };
		FE7E53ED240642380064EBD2 /* SceneDelegate.swift in Sources */ = {isa = PBXBuildFile; fileRef = FE7E53EC240642380064EBD2 /* SceneDelegate.swift */; };
		FE7E53EF240642380064EBD2 /* FirstViewController.swift in Sources */ = {isa = PBXBuildFile; fileRef = FE7E53EE240642380064EBD2 /* FirstViewController.swift */; };
		FE7E53F2240642380064EBD2 /* Main.storyboard in Resources */ = {isa = PBXBuildFile; fileRef = FE7E53F0240642380064EBD2 /* Main.storyboard */; };
		FE7E53F42406423A0064EBD2 /* Assets.xcassets in Resources */ = {isa = PBXBuildFile; fileRef = FE7E53F32406423A0064EBD2 /* Assets.xcassets */; };
		FE7E53F72406423A0064EBD2 /* LaunchScreen.storyboard in Resources */ = {isa = PBXBuildFile; fileRef = FE7E53F52406423A0064EBD2 /* LaunchScreen.storyboard */; };
/* End PBXBuildFile section */

/* Begin PBXFileReference section */
		FE3996B5240658DB00BE59FA /* EnterDataViewController.swift */ = {isa = PBXFileReference; lastKnownFileType = sourcecode.swift; path = EnterDataViewController.swift; sourceTree = "<group>"; };
		FE3996B72406638B00BE59FA /* EnterDataViewModel.swift */ = {isa = PBXFileReference; lastKnownFileType = sourcecode.swift; path = EnterDataViewModel.swift; sourceTree = "<group>"; };
		FE3996B9240666D200BE59FA /* ToastDisplayView.xib */ = {isa = PBXFileReference; fileEncoding = 4; lastKnownFileType = file.xib; path = ToastDisplayView.xib; sourceTree = "<group>"; };
		FE3996BA240666D300BE59FA /* ToastDisplayView.swift */ = {isa = PBXFileReference; fileEncoding = 4; lastKnownFileType = sourcecode.swift; path = ToastDisplayView.swift; sourceTree = "<group>"; };
		FE3996BD240683C100BE59FA /* RecordViewController.swift */ = {isa = PBXFileReference; lastKnownFileType = sourcecode.swift; path = RecordViewController.swift; sourceTree = "<group>"; };
		FE3996C324068CAB00BE59FA /* RecordsTableViewCell.swift */ = {isa = PBXFileReference; lastKnownFileType = sourcecode.swift; path = RecordsTableViewCell.swift; sourceTree = "<group>"; };
		FE3996C424068CAB00BE59FA /* RecordsTableViewCell.xib */ = {isa = PBXFileReference; lastKnownFileType = file.xib; path = RecordsTableViewCell.xib; sourceTree = "<group>"; };
		FE7E53E7240642380064EBD2 /* WeightControl.app */ = {isa = PBXFileReference; explicitFileType = wrapper.application; includeInIndex = 0; path = WeightControl.app; sourceTree = BUILT_PRODUCTS_DIR; };
		FE7E53EA240642380064EBD2 /* AppDelegate.swift */ = {isa = PBXFileReference; lastKnownFileType = sourcecode.swift; path = AppDelegate.swift; sourceTree = "<group>"; };
		FE7E53EC240642380064EBD2 /* SceneDelegate.swift */ = {isa = PBXFileReference; lastKnownFileType = sourcecode.swift; path = SceneDelegate.swift; sourceTree = "<group>"; };
		FE7E53EE240642380064EBD2 /* FirstViewController.swift */ = {isa = PBXFileReference; lastKnownFileType = sourcecode.swift; path = FirstViewController.swift; sourceTree = "<group>"; };
		FE7E53F1240642380064EBD2 /* Base */ = {isa = PBXFileReference; lastKnownFileType = file.storyboard; name = Base; path = Base.lproj/Main.storyboard; sourceTree = "<group>"; };
		FE7E53F32406423A0064EBD2 /* Assets.xcassets */ = {isa = PBXFileReference; lastKnownFileType = folder.assetcatalog; path = Assets.xcassets; sourceTree = "<group>"; };
		FE7E53F62406423A0064EBD2 /* Base */ = {isa = PBXFileReference; lastKnownFileType = file.storyboard; name = Base; path = Base.lproj/LaunchScreen.storyboard; sourceTree = "<group>"; };
		FE7E53F82406423A0064EBD2 /* Info.plist */ = {isa = PBXFileReference; lastKnownFileType = text.plist.xml; path = Info.plist; sourceTree = "<group>"; };
/* End PBXFileReference section */

/* Begin PBXFrameworksBuildPhase section */
		FE7E53E4240642380064EBD2 /* Frameworks */ = {
			isa = PBXFrameworksBuildPhase;
			buildActionMask = 2147483647;
			files = (
			);
			runOnlyForDeploymentPostprocessing = 0;
		};
/* End PBXFrameworksBuildPhase section */

/* Begin PBXGroup section */
		FE7E53DE240642380064EBD2 = {
			isa = PBXGroup;
			children = (
				FE7E53E9240642380064EBD2 /* WeightControl */,
				FE7E53E8240642380064EBD2 /* Products */,
			);
			sourceTree = "<group>";
		};
		FE7E53E8240642380064EBD2 /* Products */ = {
			isa = PBXGroup;
			children = (
				FE7E53E7240642380064EBD2 /* WeightControl.app */,
			);
			name = Products;
			sourceTree = "<group>";
		};
		FE7E53E9240642380064EBD2 /* WeightControl */ = {
			isa = PBXGroup;
			children = (
				FECF49D72406588B00E53D47 /* ViewController */,
				FECF49D62406588200E53D47 /* View */,
				FE7E53EA240642380064EBD2 /* AppDelegate.swift */,
				FE7E53EC240642380064EBD2 /* SceneDelegate.swift */,
				FE7E53F32406423A0064EBD2 /* Assets.xcassets */,
				FE7E53F52406423A0064EBD2 /* LaunchScreen.storyboard */,
				FE7E53F82406423A0064EBD2 /* Info.plist */,
			);
			path = WeightControl;
			sourceTree = "<group>";
		};
		FECF49D62406588200E53D47 /* View */ = {
			isa = PBXGroup;
			children = (
				FE7E53F0240642380064EBD2 /* Main.storyboard */,
				FE3996B72406638B00BE59FA /* EnterDataViewModel.swift */,
				FE3996BA240666D300BE59FA /* ToastDisplayView.swift */,
				FE3996B9240666D200BE59FA /* ToastDisplayView.xib */,
				FE3996C324068CAB00BE59FA /* RecordsTableViewCell.swift */,
				FE3996C424068CAB00BE59FA /* RecordsTableViewCell.xib */,
			);
			path = View;
			sourceTree = "<group>";
		};
		FECF49D72406588B00E53D47 /* ViewController */ = {
			isa = PBXGroup;
			children = (
				FE7E53EE240642380064EBD2 /* FirstViewController.swift */,
				FE3996B5240658DB00BE59FA /* EnterDataViewController.swift */,
				FE3996BD240683C100BE59FA /* RecordViewController.swift */,
			);
			path = ViewController;
			sourceTree = "<group>";
		};
/* End PBXGroup section */

/* Begin PBXNativeTarget section */
		FE7E53E6240642380064EBD2 /* WeightControl */ = {
			isa = PBXNativeTarget;
			buildConfigurationList = FE7E53FB2406423A0064EBD2 /* Build configuration list for PBXNativeTarget "WeightControl" */;
			buildPhases = (
				FE7E53E3240642380064EBD2 /* Sources */,
				FE7E53E4240642380064EBD2 /* Frameworks */,
				FE7E53E5240642380064EBD2 /* Resources */,
			);
			buildRules = (
			);
			dependencies = (
			);
			name = WeightControl;
			productName = WeightControl;
			productReference = FE7E53E7240642380064EBD2 /* WeightControl.app */;
			productType = "com.apple.product-type.application";
		};
/* End PBXNativeTarget section */

/* Begin PBXProject section */
		FE7E53DF240642380064EBD2 /* Project object */ = {
			isa = PBXProject;
			attributes = {
				LastSwiftUpdateCheck = 1130;
				LastUpgradeCheck = 1130;
				ORGANIZATIONNAME = Hira;
				TargetAttributes = {
					FE7E53E6240642380064EBD2 = {
						CreatedOnToolsVersion = 11.3.1;
					};
				};
			};
			buildConfigurationList = FE7E53E2240642380064EBD2 /* Build configuration list for PBXProject "WeightControl" */;
			compatibilityVersion = "Xcode 9.3";
			developmentRegion = en;
			hasScannedForEncodings = 0;
			knownRegions = (
				en,
				Base,
			);
			mainGroup = FE7E53DE240642380064EBD2;
			productRefGroup = FE7E53E8240642380064EBD2 /* Products */;
			projectDirPath = "";
			projectRoot = "";
			targets = (
				FE7E53E6240642380064EBD2 /* WeightControl */,
			);
		};
/* End PBXProject section */

/* Begin PBXResourcesBuildPhase section */
		FE7E53E5240642380064EBD2 /* Resources */ = {
			isa = PBXResourcesBuildPhase;
			buildActionMask = 2147483647;
			files = (
				FE7E53F72406423A0064EBD2 /* LaunchScreen.storyboard in Resources */,
				FE3996BB240666D300BE59FA /* ToastDisplayView.xib in Resources */,
				FE7E53F42406423A0064EBD2 /* Assets.xcassets in Resources */,
				FE3996C624068CAB00BE59FA /* RecordsTableViewCell.xib in Resources */,
				FE7E53F2240642380064EBD2 /* Main.storyboard in Resources */,
			);
			runOnlyForDeploymentPostprocessing = 0;
		};
/* End PBXResourcesBuildPhase section */

/* Begin PBXSourcesBuildPhase section */
		FE7E53E3240642380064EBD2 /* Sources */ = {
			isa = PBXSourcesBuildPhase;
			buildActionMask = 2147483647;
			files = (
				FE7E53EF240642380064EBD2 /* FirstViewController.swift in Sources */,
				FE7E53EB240642380064EBD2 /* AppDelegate.swift in Sources */,
				FE3996B82406638B00BE59FA /* EnterDataViewModel.swift in Sources */,
				FE3996BE240683C100BE59FA /* RecordViewController.swift in Sources */,
				FE7E53ED240642380064EBD2 /* SceneDelegate.swift in Sources */,
				FE3996B6240658DB00BE59FA /* EnterDataViewController.swift in Sources */,
				FE3996C524068CAB00BE59FA /* RecordsTableViewCell.swift in Sources */,
				FE3996BC240666D300BE59FA /* ToastDisplayView.swift in Sources */,
			);
			runOnlyForDeploymentPostprocessing = 0;
		};
/* End PBXSourcesBuildPhase section */

/* Begin PBXVariantGroup section */
		FE7E53F0240642380064EBD2 /* Main.storyboard */ = {
			isa = PBXVariantGroup;
			children = (
				FE7E53F1240642380064EBD2 /* Base */,
			);
			name = Main.storyboard;
			sourceTree = "<group>";
		};
		FE7E53F52406423A0064EBD2 /* LaunchScreen.storyboard */ = {
			isa = PBXVariantGroup;
			children = (
				FE7E53F62406423A0064EBD2 /* Base */,
			);
			name = LaunchScreen.storyboard;
			sourceTree = "<group>";
		};
/* End PBXVariantGroup section */

/* Begin XCBuildConfiguration section */
		FE7E53F92406423A0064EBD2 /* Debug */ = {
			isa = XCBuildConfiguration;
			buildSettings = {
				ALWAYS_SEARCH_USER_PATHS = NO;
				CLANG_ANALYZER_NONNULL = YES;
				CLANG_ANALYZER_NUMBER_OBJECT_CONVERSION = YES_AGGRESSIVE;
				CLANG_CXX_LANGUAGE_STANDARD = "gnu++14";
				CLANG_CXX_LIBRARY = "libc++";
				CLANG_ENABLE_MODULES = YES;
				CLANG_ENABLE_OBJC_ARC = YES;
				CLANG_ENABLE_OBJC_WEAK = YES;
				CLANG_WARN_BLOCK_CAPTURE_AUTORELEASING = YES;
				CLANG_WARN_BOOL_CONVERSION = YES;
				CLANG_WARN_COMMA = YES;
				CLANG_WARN_CONSTANT_CONVERSION = YES;
				CLANG_WARN_DEPRECATED_OBJC_IMPLEMENTATIONS = YES;
				CLANG_WARN_DIRECT_OBJC_ISA_USAGE = YES_ERROR;
				CLANG_WARN_DOCUMENTATION_COMMENTS = YES;
				CLANG_WARN_EMPTY_BODY = YES;
				CLANG_WARN_ENUM_CONVERSION = YES;
				CLANG_WARN_INFINITE_RECURSION = YES;
				CLANG_WARN_INT_CONVERSION = YES;
				CLANG_WARN_NON_LITERAL_NULL_CONVERSION = YES;
				CLANG_WARN_OBJC_IMPLICIT_RETAIN_SELF = YES;
				CLANG_WARN_OBJC_LITERAL_CONVERSION = YES;
				CLANG_WARN_OBJC_ROOT_CLASS = YES_ERROR;
				CLANG_WARN_RANGE_LOOP_ANALYSIS = YES;
				CLANG_WARN_STRICT_PROTOTYPES = YES;
				CLANG_WARN_SUSPICIOUS_MOVE = YES;
				CLANG_WARN_UNGUARDED_AVAILABILITY = YES_AGGRESSIVE;
				CLANG_WARN_UNREACHABLE_CODE = YES;
				CLANG_WARN__DUPLICATE_METHOD_MATCH = YES;
				COPY_PHASE_STRIP = NO;
				DEBUG_INFORMATION_FORMAT = dwarf;
				ENABLE_STRICT_OBJC_MSGSEND = YES;
				ENABLE_TESTABILITY = YES;
				GCC_C_LANGUAGE_STANDARD = gnu11;
				GCC_DYNAMIC_NO_PIC = NO;
				GCC_NO_COMMON_BLOCKS = YES;
				GCC_OPTIMIZATION_LEVEL = 0;
				GCC_PREPROCESSOR_DEFINITIONS = (
					"DEBUG=1",
					"$(inherited)",
				);
				GCC_WARN_64_TO_32_BIT_CONVERSION = YES;
				GCC_WARN_ABOUT_RETURN_TYPE = YES_ERROR;
				GCC_WARN_UNDECLARED_SELECTOR = YES;
				GCC_WARN_UNINITIALIZED_AUTOS = YES_AGGRESSIVE;
				GCC_WARN_UNUSED_FUNCTION = YES;
				GCC_WARN_UNUSED_VARIABLE = YES;
				IPHONEOS_DEPLOYMENT_TARGET = 13.2;
				MTL_ENABLE_DEBUG_INFO = INCLUDE_SOURCE;
				MTL_FAST_MATH = YES;
				ONLY_ACTIVE_ARCH = YES;
				SDKROOT = iphoneos;
				SWIFT_ACTIVE_COMPILATION_CONDITIONS = DEBUG;
				SWIFT_OPTIMIZATION_LEVEL = "-Onone";
			};
			name = Debug;
		};
		FE7E53FA2406423A0064EBD2 /* Release */ = {
			isa = XCBuildConfiguration;
			buildSettings = {
				ALWAYS_SEARCH_USER_PATHS = NO;
				CLANG_ANALYZER_NONNULL = YES;
				CLANG_ANALYZER_NUMBER_OBJECT_CONVERSION = YES_AGGRESSIVE;
				CLANG_CXX_LANGUAGE_STANDARD = "gnu++14";
				CLANG_CXX_LIBRARY = "libc++";
				CLANG_ENABLE_MODULES = YES;
				CLANG_ENABLE_OBJC_ARC = YES;
				CLANG_ENABLE_OBJC_WEAK = YES;
				CLANG_WARN_BLOCK_CAPTURE_AUTORELEASING = YES;
				CLANG_WARN_BOOL_CONVERSION = YES;
				CLANG_WARN_COMMA = YES;
				CLANG_WARN_CONSTANT_CONVERSION = YES;
				CLANG_WARN_DEPRECATED_OBJC_IMPLEMENTATIONS = YES;
				CLANG_WARN_DIRECT_OBJC_ISA_USAGE = YES_ERROR;
				CLANG_WARN_DOCUMENTATION_COMMENTS = YES;
				CLANG_WARN_EMPTY_BODY = YES;
				CLANG_WARN_ENUM_CONVERSION = YES;
				CLANG_WARN_INFINITE_RECURSION = YES;
				CLANG_WARN_INT_CONVERSION = YES;
				CLANG_WARN_NON_LITERAL_NULL_CONVERSION = YES;
				CLANG_WARN_OBJC_IMPLICIT_RETAIN_SELF = YES;
				CLANG_WARN_OBJC_LITERAL_CONVERSION = YES;
				CLANG_WARN_OBJC_ROOT_CLASS = YES_ERROR;
				CLANG_WARN_RANGE_LOOP_ANALYSIS = YES;
				CLANG_WARN_STRICT_PROTOTYPES = YES;
				CLANG_WARN_SUSPICIOUS_MOVE = YES;
				CLANG_WARN_UNGUARDED_AVAILABILITY = YES_AGGRESSIVE;
				CLANG_WARN_UNREACHABLE_CODE = YES;
				CLANG_WARN__DUPLICATE_METHOD_MATCH = YES;
				COPY_PHASE_STRIP = NO;
				DEBUG_INFORMATION_FORMAT = "dwarf-with-dsym";
				ENABLE_NS_ASSERTIONS = NO;
				ENABLE_STRICT_OBJC_MSGSEND = YES;
				GCC_C_LANGUAGE_STANDARD = gnu11;
				GCC_NO_COMMON_BLOCKS = YES;
				GCC_WARN_64_TO_32_BIT_CONVERSION = YES;
				GCC_WARN_ABOUT_RETURN_TYPE = YES_ERROR;
				GCC_WARN_UNDECLARED_SELECTOR = YES;
				GCC_WARN_UNINITIALIZED_AUTOS = YES_AGGRESSIVE;
				GCC_WARN_UNUSED_FUNCTION = YES;
				GCC_WARN_UNUSED_VARIABLE = YES;
				IPHONEOS_DEPLOYMENT_TARGET = 13.2;
				MTL_ENABLE_DEBUG_INFO = NO;
				MTL_FAST_MATH = YES;
				SDKROOT = iphoneos;
				SWIFT_COMPILATION_MODE = wholemodule;
				SWIFT_OPTIMIZATION_LEVEL = "-O";
				VALIDATE_PRODUCT = YES;
			};
			name = Release;
		};
		FE7E53FC2406423A0064EBD2 /* Debug */ = {
			isa = XCBuildConfiguration;
			buildSettings = {
				ASSETCATALOG_COMPILER_APPICON_NAME = AppIcon;
				CODE_SIGN_IDENTITY = "iPhone Developer";
				CODE_SIGN_STYLE = Manual;
				CURRENT_PROJECT_VERSION = 4;
				DEVELOPMENT_TEAM = 9WG86996Q4;
				INFOPLIST_FILE = WeightControl/Info.plist;
				IPHONEOS_DEPLOYMENT_TARGET = 10.0;
				LD_RUNPATH_SEARCH_PATHS = (
					"$(inherited)",
					"@executable_path/Frameworks",
				);
				MARKETING_VERSION = 1.0.3;
				PRODUCT_BUNDLE_IDENTIFIER = com.wcnnf.weightcontrol;
				PRODUCT_NAME = "$(TARGET_NAME)";
				PROVISIONING_PROFILE_SPECIFIER = weightcontrol_dev;
				SWIFT_VERSION = 5.0;
				TARGETED_DEVICE_FAMILY = 1;
			};
			name = Debug;
		};
		FE7E53FD2406423A0064EBD2 /* Release */ = {
			isa = XCBuildConfiguration;
			buildSettings = {
				ASSETCATALOG_COMPILER_APPICON_NAME = AppIcon;
				CODE_SIGN_IDENTITY = "iPhone Distribution";
				CODE_SIGN_STYLE = Manual;
				CURRENT_PROJECT_VERSION = 4;
				DEVELOPMENT_TEAM = 9WG86996Q4;
				INFOPLIST_FILE = WeightControl/Info.plist;
				IPHONEOS_DEPLOYMENT_TARGET = 10.0;
				LD_RUNPATH_SEARCH_PATHS = (
					"$(inherited)",
					"@executable_path/Frameworks",
				);
				MARKETING_VERSION = 1.0.3;
				PRODUCT_BUNDLE_IDENTIFIER = com.wcnnf.weightcontrol;
				PRODUCT_NAME = "$(TARGET_NAME)";
				PROVISIONING_PROFILE_SPECIFIER = weightcontrol_store;
				SWIFT_VERSION = 5.0;
				TARGETED_DEVICE_FAMILY = 1;
			};
			name = Release;
		};
/* End XCBuildConfiguration section */

/* Begin XCConfigurationList section */
		FE7E53E2240642380064EBD2 /* Build configuration list for PBXProject "WeightControl" */ = {
			isa = XCConfigurationList;
			buildConfigurations = (
				FE7E53F92406423A0064EBD2 /* Debug */,
				FE7E53FA2406423A0064EBD2 /* Release */,
			);
			defaultConfigurationIsVisible = 0;
			defaultConfigurationName = Release;
		};
		FE7E53FB2406423A0064EBD2 /* Build configuration list for PBXNativeTarget "WeightControl" */ = {
			isa = XCConfigurationList;
			buildConfigurations = (
				FE7E53FC2406423A0064EBD2 /* Debug */,
				FE7E53FD2406423A0064EBD2 /* Release */,
			);
			defaultConfigurationIsVisible = 0;
			defaultConfigurationName = Release;
		};
/* End XCConfigurationList section */
	};
	rootObject = FE7E53DF240642380064EBD2 /* Project object */;
}
