// !$*UTF8*$!
{
	archiveVersion = 1;
	classes = {
	};
	objectVersion = 50;
	objects = {

/* Begin PBXBuildFile section */
		FE05BE8C23EA63D200812C74 /* AppDelegate.swift in Sources */ = {isa = PBXBuildFile; fileRef = FE05BE8B23EA63D200812C74 /* AppDelegate.swift */; };
		FE05BE8E23EA63D200812C74 /* SceneDelegate.swift in Sources */ = {isa = PBXBuildFile; fileRef = FE05BE8D23EA63D200812C74 /* SceneDelegate.swift */; };
		FE05BE9023EA63D200812C74 /* ViewController.swift in Sources */ = {isa = PBXBuildFile; fileRef = FE05BE8F23EA63D200812C74 /* ViewController.swift */; };
		FE05BE9523EA63D200812C74 /* Assets.xcassets in Resources */ = {isa = PBXBuildFile; fileRef = FE05BE9423EA63D200812C74 /* Assets.xcassets */; };
		FE05BE9823EA63D200812C74 /* LaunchScreen.storyboard in Resources */ = {isa = PBXBuildFile; fileRef = FE05BE9623EA63D200812C74 /* LaunchScreen.storyboard */; };
		FE05BEA923EA63FD00812C74 /* PhotoLibraryViewController.swift in Sources */ = {isa = PBXBuildFile; fileRef = FE05BEA323EA63FD00812C74 /* PhotoLibraryViewController.swift */; };
		FE05BEAA23EA63FD00812C74 /* SimpleCameraControllerViewController.swift in Sources */ = {isa = PBXBuildFile; fileRef = FE05BEA423EA63FD00812C74 /* SimpleCameraControllerViewController.swift */; };
		FE05BEAB23EA63FD00812C74 /* PhotoViewController.swift in Sources */ = {isa = PBXBuildFile; fileRef = FE05BEA523EA63FD00812C74 /* PhotoViewController.swift */; };
		FE05BEAD23EA641300812C74 /* Main.storyboard in Resources */ = {isa = PBXBuildFile; fileRef = FE05BEAC23EA641300812C74 /* Main.storyboard */; };
/* End PBXBuildFile section */

/* Begin PBXFileReference section */
		FE05BE8823EA63D200812C74 /* SimpleCamera.app */ = {isa = PBXFileReference; explicitFileType = wrapper.application; includeInIndex = 0; path = SimpleCamera.app; sourceTree = BUILT_PRODUCTS_DIR; };
		FE05BE8B23EA63D200812C74 /* AppDelegate.swift */ = {isa = PBXFileReference; lastKnownFileType = sourcecode.swift; path = AppDelegate.swift; sourceTree = "<group>"; };
		FE05BE8D23EA63D200812C74 /* SceneDelegate.swift */ = {isa = PBXFileReference; lastKnownFileType = sourcecode.swift; path = SceneDelegate.swift; sourceTree = "<group>"; };
		FE05BE8F23EA63D200812C74 /* ViewController.swift */ = {isa = PBXFileReference; lastKnownFileType = sourcecode.swift; path = ViewController.swift; sourceTree = "<group>"; };
		FE05BE9423EA63D200812C74 /* Assets.xcassets */ = {isa = PBXFileReference; lastKnownFileType = folder.assetcatalog; path = Assets.xcassets; sourceTree = "<group>"; };
		FE05BE9723EA63D200812C74 /* Base */ = {isa = PBXFileReference; lastKnownFileType = file.storyboard; name = Base; path = Base.lproj/LaunchScreen.storyboard; sourceTree = "<group>"; };
		FE05BE9923EA63D200812C74 /* Info.plist */ = {isa = PBXFileReference; lastKnownFileType = text.plist.xml; path = Info.plist; sourceTree = "<group>"; };
		FE05BEA323EA63FD00812C74 /* PhotoLibraryViewController.swift */ = {isa = PBXFileReference; fileEncoding = 4; lastKnownFileType = sourcecode.swift; path = PhotoLibraryViewController.swift; sourceTree = "<group>"; };
		FE05BEA423EA63FD00812C74 /* SimpleCameraControllerViewController.swift */ = {isa = PBXFileReference; fileEncoding = 4; lastKnownFileType = sourcecode.swift; path = SimpleCameraControllerViewController.swift; sourceTree = "<group>"; };
		FE05BEA523EA63FD00812C74 /* PhotoViewController.swift */ = {isa = PBXFileReference; fileEncoding = 4; lastKnownFileType = sourcecode.swift; path = PhotoViewController.swift; sourceTree = "<group>"; };
		FE05BEAC23EA641300812C74 /* Main.storyboard */ = {isa = PBXFileReference; fileEncoding = 4; lastKnownFileType = file.storyboard; path = Main.storyboard; sourceTree = "<group>"; };
/* End PBXFileReference section */

/* Begin PBXFrameworksBuildPhase section */
		FE05BE8523EA63D200812C74 /* Frameworks */ = {
			isa = PBXFrameworksBuildPhase;
			buildActionMask = 2147483647;
			files = (
			);
			runOnlyForDeploymentPostprocessing = 0;
		};
/* End PBXFrameworksBuildPhase section */

/* Begin PBXGroup section */
		FE05BE7F23EA63D200812C74 = {
			isa = PBXGroup;
			children = (
				FE05BE8A23EA63D200812C74 /* SimpleCamera */,
				FE05BE8923EA63D200812C74 /* Products */,
			);
			sourceTree = "<group>";
		};
		FE05BE8923EA63D200812C74 /* Products */ = {
			isa = PBXGroup;
			children = (
				FE05BE8823EA63D200812C74 /* SimpleCamera.app */,
			);
			name = Products;
			sourceTree = "<group>";
		};
		FE05BE8A23EA63D200812C74 /* SimpleCamera */ = {
			isa = PBXGroup;
			children = (
				FE05BEA223EA63FD00812C74 /* ViewController */,
				FE05BE8B23EA63D200812C74 /* AppDelegate.swift */,
				FE05BE8D23EA63D200812C74 /* SceneDelegate.swift */,
				FE05BE8F23EA63D200812C74 /* ViewController.swift */,
				FE05BE9423EA63D200812C74 /* Assets.xcassets */,
				FE05BE9623EA63D200812C74 /* LaunchScreen.storyboard */,
				FE05BEAC23EA641300812C74 /* Main.storyboard */,
				FE05BE9923EA63D200812C74 /* Info.plist */,
			);
			path = SimpleCamera;
			sourceTree = "<group>";
		};
		FE05BEA223EA63FD00812C74 /* ViewController */ = {
			isa = PBXGroup;
			children = (
				FE05BEA323EA63FD00812C74 /* PhotoLibraryViewController.swift */,
				FE05BEA423EA63FD00812C74 /* SimpleCameraControllerViewController.swift */,
				FE05BEA523EA63FD00812C74 /* PhotoViewController.swift */,
			);
			path = ViewController;
			sourceTree = "<group>";
		};
/* End PBXGroup section */

/* Begin PBXNativeTarget section */
		FE05BE8723EA63D200812C74 /* SimpleCamera */ = {
			isa = PBXNativeTarget;
			buildConfigurationList = FE05BE9C23EA63D200812C74 /* Build configuration list for PBXNativeTarget "SimpleCamera" */;
			buildPhases = (
				FE05BE8423EA63D200812C74 /* Sources */,
				FE05BE8523EA63D200812C74 /* Frameworks */,
				FE05BE8623EA63D200812C74 /* Resources */,
			);
			buildRules = (
			);
			dependencies = (
			);
			name = SimpleCamera;
			productName = SimpleCamera;
			productReference = FE05BE8823EA63D200812C74 /* SimpleCamera.app */;
			productType = "com.apple.product-type.application";
		};
/* End PBXNativeTarget section */

/* Begin PBXProject section */
		FE05BE8023EA63D200812C74 /* Project object */ = {
			isa = PBXProject;
			attributes = {
				LastSwiftUpdateCheck = 1130;
				LastUpgradeCheck = 1130;
				ORGANIZATIONNAME = Hira;
				TargetAttributes = {
					FE05BE8723EA63D200812C74 = {
						CreatedOnToolsVersion = 11.3.1;
					};
				};
			};
			buildConfigurationList = FE05BE8323EA63D200812C74 /* Build configuration list for PBXProject "SimpleCamera" */;
			compatibilityVersion = "Xcode 9.3";
			developmentRegion = en;
			hasScannedForEncodings = 0;
			knownRegions = (
				en,
				Base,
			);
			mainGroup = FE05BE7F23EA63D200812C74;
			productRefGroup = FE05BE8923EA63D200812C74 /* Products */;
			projectDirPath = "";
			projectRoot = "";
			targets = (
				FE05BE8723EA63D200812C74 /* SimpleCamera */,
			);
		};
/* End PBXProject section */

/* Begin PBXResourcesBuildPhase section */
		FE05BE8623EA63D200812C74 /* Resources */ = {
			isa = PBXResourcesBuildPhase;
			buildActionMask = 2147483647;
			files = (
				FE05BEAD23EA641300812C74 /* Main.storyboard in Resources */,
				FE05BE9823EA63D200812C74 /* LaunchScreen.storyboard in Resources */,
				FE05BE9523EA63D200812C74 /* Assets.xcassets in Resources */,
			);
			runOnlyForDeploymentPostprocessing = 0;
		};
/* End PBXResourcesBuildPhase section */

/* Begin PBXSourcesBuildPhase section */
		FE05BE8423EA63D200812C74 /* Sources */ = {
			isa = PBXSourcesBuildPhase;
			buildActionMask = 2147483647;
			files = (
				FE05BE9023EA63D200812C74 /* ViewController.swift in Sources */,
				FE05BE8C23EA63D200812C74 /* AppDelegate.swift in Sources */,
				FE05BEAA23EA63FD00812C74 /* SimpleCameraControllerViewController.swift in Sources */,
				FE05BE8E23EA63D200812C74 /* SceneDelegate.swift in Sources */,
				FE05BEAB23EA63FD00812C74 /* PhotoViewController.swift in Sources */,
				FE05BEA923EA63FD00812C74 /* PhotoLibraryViewController.swift in Sources */,
			);
			runOnlyForDeploymentPostprocessing = 0;
		};
/* End PBXSourcesBuildPhase section */

/* Begin PBXVariantGroup section */
		FE05BE9623EA63D200812C74 /* LaunchScreen.storyboard */ = {
			isa = PBXVariantGroup;
			children = (
				FE05BE9723EA63D200812C74 /* Base */,
			);
			name = LaunchScreen.storyboard;
			sourceTree = "<group>";
		};
/* End PBXVariantGroup section */

/* Begin XCBuildConfiguration section */
		FE05BE9A23EA63D200812C74 /* Debug */ = {
			isa = XCBuildConfiguration;
			buildSettings = {
				ALWAYS_SEARCH_USER_PATHS = NO;
				CLANG_ANALYZER_NONNULL = YES;
				CLANG_ANALYZER_NUMBER_OBJECT_CONVERSION = YES_AGGRESSIVE;
				CLANG_CXX_LANGUAGE_STANDARD = "gnu++14";
				CLANG_CXX_LIBRARY = "libc++";
				CLANG_ENABLE_MODULES = YES;
				CLANG_ENABLE_OBJC_ARC = YES;
				CLANG_ENABLE_OBJC_WEAK = YES;
				CLANG_WARN_BLOCK_CAPTURE_AUTORELEASING = YES;
				CLANG_WARN_BOOL_CONVERSION = YES;
				CLANG_WARN_COMMA = YES;
				CLANG_WARN_CONSTANT_CONVERSION = YES;
				CLANG_WARN_DEPRECATED_OBJC_IMPLEMENTATIONS = YES;
				CLANG_WARN_DIRECT_OBJC_ISA_USAGE = YES_ERROR;
				CLANG_WARN_DOCUMENTATION_COMMENTS = YES;
				CLANG_WARN_EMPTY_BODY = YES;
				CLANG_WARN_ENUM_CONVERSION = YES;
				CLANG_WARN_INFINITE_RECURSION = YES;
				CLANG_WARN_INT_CONVERSION = YES;
				CLANG_WARN_NON_LITERAL_NULL_CONVERSION = YES;
				CLANG_WARN_OBJC_IMPLICIT_RETAIN_SELF = YES;
				CLANG_WARN_OBJC_LITERAL_CONVERSION = YES;
				CLANG_WARN_OBJC_ROOT_CLASS = YES_ERROR;
				CLANG_WARN_RANGE_LOOP_ANALYSIS = YES;
				CLANG_WARN_STRICT_PROTOTYPES = YES;
				CLANG_WARN_SUSPICIOUS_MOVE = YES;
				CLANG_WARN_UNGUARDED_AVAILABILITY = YES_AGGRESSIVE;
				CLANG_WARN_UNREACHABLE_CODE = YES;
				CLANG_WARN__DUPLICATE_METHOD_MATCH = YES;
				COPY_PHASE_STRIP = NO;
				DEBUG_INFORMATION_FORMAT = dwarf;
				ENABLE_STRICT_OBJC_MSGSEND = YES;
				ENABLE_TESTABILITY = YES;
				GCC_C_LANGUAGE_STANDARD = gnu11;
				GCC_DYNAMIC_NO_PIC = NO;
				GCC_NO_COMMON_BLOCKS = YES;
				GCC_OPTIMIZATION_LEVEL = 0;
				GCC_PREPROCESSOR_DEFINITIONS = (
					"DEBUG=1",
					"$(inherited)",
				);
				GCC_WARN_64_TO_32_BIT_CONVERSION = YES;
				GCC_WARN_ABOUT_RETURN_TYPE = YES_ERROR;
				GCC_WARN_UNDECLARED_SELECTOR = YES;
				GCC_WARN_UNINITIALIZED_AUTOS = YES_AGGRESSIVE;
				GCC_WARN_UNUSED_FUNCTION = YES;
				GCC_WARN_UNUSED_VARIABLE = YES;
				IPHONEOS_DEPLOYMENT_TARGET = 13.2;
				MTL_ENABLE_DEBUG_INFO = INCLUDE_SOURCE;
				MTL_FAST_MATH = YES;
				ONLY_ACTIVE_ARCH = YES;
				SDKROOT = iphoneos;
				SWIFT_ACTIVE_COMPILATION_CONDITIONS = DEBUG;
				SWIFT_OPTIMIZATION_LEVEL = "-Onone";
			};
			name = Debug;
		};
		FE05BE9B23EA63D200812C74 /* Release */ = {
			isa = XCBuildConfiguration;
			buildSettings = {
				ALWAYS_SEARCH_USER_PATHS = NO;
				CLANG_ANALYZER_NONNULL = YES;
				CLANG_ANALYZER_NUMBER_OBJECT_CONVERSION = YES_AGGRESSIVE;
				CLANG_CXX_LANGUAGE_STANDARD = "gnu++14";
				CLANG_CXX_LIBRARY = "libc++";
				CLANG_ENABLE_MODULES = YES;
				CLANG_ENABLE_OBJC_ARC = YES;
				CLANG_ENABLE_OBJC_WEAK = YES;
				CLANG_WARN_BLOCK_CAPTURE_AUTORELEASING = YES;
				CLANG_WARN_BOOL_CONVERSION = YES;
				CLANG_WARN_COMMA = YES;
				CLANG_WARN_CONSTANT_CONVERSION = YES;
				CLANG_WARN_DEPRECATED_OBJC_IMPLEMENTATIONS = YES;
				CLANG_WARN_DIRECT_OBJC_ISA_USAGE = YES_ERROR;
				CLANG_WARN_DOCUMENTATION_COMMENTS = YES;
				CLANG_WARN_EMPTY_BODY = YES;
				CLANG_WARN_ENUM_CONVERSION = YES;
				CLANG_WARN_INFINITE_RECURSION = YES;
				CLANG_WARN_INT_CONVERSION = YES;
				CLANG_WARN_NON_LITERAL_NULL_CONVERSION = YES;
				CLANG_WARN_OBJC_IMPLICIT_RETAIN_SELF = YES;
				CLANG_WARN_OBJC_LITERAL_CONVERSION = YES;
				CLANG_WARN_OBJC_ROOT_CLASS = YES_ERROR;
				CLANG_WARN_RANGE_LOOP_ANALYSIS = YES;
				CLANG_WARN_STRICT_PROTOTYPES = YES;
				CLANG_WARN_SUSPICIOUS_MOVE = YES;
				CLANG_WARN_UNGUARDED_AVAILABILITY = YES_AGGRESSIVE;
				CLANG_WARN_UNREACHABLE_CODE = YES;
				CLANG_WARN__DUPLICATE_METHOD_MATCH = YES;
				COPY_PHASE_STRIP = NO;
				DEBUG_INFORMATION_FORMAT = "dwarf-with-dsym";
				ENABLE_NS_ASSERTIONS = NO;
				ENABLE_STRICT_OBJC_MSGSEND = YES;
				GCC_C_LANGUAGE_STANDARD = gnu11;
				GCC_NO_COMMON_BLOCKS = YES;
				GCC_WARN_64_TO_32_BIT_CONVERSION = YES;
				GCC_WARN_ABOUT_RETURN_TYPE = YES_ERROR;
				GCC_WARN_UNDECLARED_SELECTOR = YES;
				GCC_WARN_UNINITIALIZED_AUTOS = YES_AGGRESSIVE;
				GCC_WARN_UNUSED_FUNCTION = YES;
				GCC_WARN_UNUSED_VARIABLE = YES;
				IPHONEOS_DEPLOYMENT_TARGET = 13.2;
				MTL_ENABLE_DEBUG_INFO = NO;
				MTL_FAST_MATH = YES;
				SDKROOT = iphoneos;
				SWIFT_COMPILATION_MODE = wholemodule;
				SWIFT_OPTIMIZATION_LEVEL = "-O";
				VALIDATE_PRODUCT = YES;
			};
			name = Release;
		};
		FE05BE9D23EA63D200812C74 /* Debug */ = {
			isa = XCBuildConfiguration;
			buildSettings = {
				ASSETCATALOG_COMPILER_APPICON_NAME = AppIcon;
				CODE_SIGN_IDENTITY = "Apple Development";
				CODE_SIGN_STYLE = Automatic;
				DEVELOPMENT_TEAM = J86D5LTY88;
				INFOPLIST_FILE = SimpleCamera/Info.plist;
				IPHONEOS_DEPLOYMENT_TARGET = 9.0;
				LD_RUNPATH_SEARCH_PATHS = (
					"$(inherited)",
					"@executable_path/Frameworks",
				);
				PRODUCT_BUNDLE_IDENTIFIER = "-.SimpleCamera";
				PRODUCT_NAME = "$(TARGET_NAME)";
				PROVISIONING_PROFILE_SPECIFIER = "";
				SWIFT_VERSION = 5.0;
				TARGETED_DEVICE_FAMILY = "1,2";
			};
			name = Debug;
		};
		FE05BE9E23EA63D200812C74 /* Release */ = {
			isa = XCBuildConfiguration;
			buildSettings = {
				ASSETCATALOG_COMPILER_APPICON_NAME = AppIcon;
				CODE_SIGN_IDENTITY = "Apple Development";
				CODE_SIGN_STYLE = Automatic;
				DEVELOPMENT_TEAM = J86D5LTY88;
				INFOPLIST_FILE = SimpleCamera/Info.plist;
				IPHONEOS_DEPLOYMENT_TARGET = 9.0;
				LD_RUNPATH_SEARCH_PATHS = (
					"$(inherited)",
					"@executable_path/Frameworks",
				);
				PRODUCT_BUNDLE_IDENTIFIER = "-.SimpleCamera";
				PRODUCT_NAME = "$(TARGET_NAME)";
				PROVISIONING_PROFILE_SPECIFIER = "";
				SWIFT_VERSION = 5.0;
				TARGETED_DEVICE_FAMILY = "1,2";
			};
			name = Release;
		};
/* End XCBuildConfiguration section */

/* Begin XCConfigurationList section */
		FE05BE8323EA63D200812C74 /* Build configuration list for PBXProject "SimpleCamera" */ = {
			isa = XCConfigurationList;
			buildConfigurations = (
				FE05BE9A23EA63D200812C74 /* Debug */,
				FE05BE9B23EA63D200812C74 /* Release */,
			);
			defaultConfigurationIsVisible = 0;
			defaultConfigurationName = Release;
		};
		FE05BE9C23EA63D200812C74 /* Build configuration list for PBXNativeTarget "SimpleCamera" */ = {
			isa = XCConfigurationList;
			buildConfigurations = (
				FE05BE9D23EA63D200812C74 /* Debug */,
				FE05BE9E23EA63D200812C74 /* Release */,
			);
			defaultConfigurationIsVisible = 0;
			defaultConfigurationName = Release;
		};
/* End XCConfigurationList section */
	};
	rootObject = FE05BE8023EA63D200812C74 /* Project object */;
}
