// !$*UTF8*$!
{
	archiveVersion = 1;
	classes = {
	};
	objectVersion = 50;
	objects = {

/* Begin PBXBuildFile section */
		FE0DAD4B240E302D00A9D7F6 /* AppDelegate.swift in Sources */ = {isa = PBXBuildFile; fileRef = FE0DAD4A240E302D00A9D7F6 /* AppDelegate.swift */; };
		FE0DAD4D240E302D00A9D7F6 /* SceneDelegate.swift in Sources */ = {isa = PBXBuildFile; fileRef = FE0DAD4C240E302D00A9D7F6 /* SceneDelegate.swift */; };
		FE0DAD4F240E302D00A9D7F6 /* SameFirstViewController.swift in Sources */ = {isa = PBXBuildFile; fileRef = FE0DAD4E240E302D00A9D7F6 /* SameFirstViewController.swift */; };
		FE0DAD52240E302D00A9D7F6 /* Main.storyboard in Resources */ = {isa = PBXBuildFile; fileRef = FE0DAD50240E302D00A9D7F6 /* Main.storyboard */; };
		FE0DAD54240E302F00A9D7F6 /* Assets.xcassets in Resources */ = {isa = PBXBuildFile; fileRef = FE0DAD53240E302F00A9D7F6 /* Assets.xcassets */; };
		FE0DAD57240E302F00A9D7F6 /* LaunchScreen.storyboard in Resources */ = {isa = PBXBuildFile; fileRef = FE0DAD55240E302F00A9D7F6 /* LaunchScreen.storyboard */; };
		FE38C853242DEA2200EBB185 /* SameThirdViewController.swift in Sources */ = {isa = PBXBuildFile; fileRef = FE38C852242DEA2200EBB185 /* SameThirdViewController.swift */; };
		FE38C855242DEA9E00EBB185 /* WhackFirstViewController.swift in Sources */ = {isa = PBXBuildFile; fileRef = FE38C854242DEA9E00EBB185 /* WhackFirstViewController.swift */; };
		FE38C857242DF38D00EBB185 /* Title.mp3 in Resources */ = {isa = PBXBuildFile; fileRef = FE38C856242DF38D00EBB185 /* Title.mp3 */; };
		FE38C859242DF44400EBB185 /* Ellinia2.mp3 in Resources */ = {isa = PBXBuildFile; fileRef = FE38C858242DF44400EBB185 /* Ellinia2.mp3 */; };
		FE5A331D242C8F1500A05B6A /* Henesys Floral Life.mp3 in Resources */ = {isa = PBXBuildFile; fileRef = FE5A3317242C8F1500A05B6A /* Henesys Floral Life.mp3 */; };
		FE5A331E242C8F1500A05B6A /* cat_like3a.mp3 in Resources */ = {isa = PBXBuildFile; fileRef = FE5A3318242C8F1500A05B6A /* cat_like3a.mp3 */; };
		FE5A331F242C8F1500A05B6A /* shoot2.mp3 in Resources */ = {isa = PBXBuildFile; fileRef = FE5A3319242C8F1500A05B6A /* shoot2.mp3 */; };
		FE5A3321242C8F1500A05B6A /* Kerning Square Field.mp3 in Resources */ = {isa = PBXBuildFile; fileRef = FE5A331B242C8F1500A05B6A /* Kerning Square Field.mp3 */; };
		FE5A3322242C8F1500A05B6A /* cat_like1a.mp3 in Resources */ = {isa = PBXBuildFile; fileRef = FE5A331C242C8F1500A05B6A /* cat_like1a.mp3 */; };
		FE5A3328242C8F2900A05B6A /* ScoreTableViewCell.xib in Resources */ = {isa = PBXBuildFile; fileRef = FE5A3323242C8F2900A05B6A /* ScoreTableViewCell.xib */; };
		FE5A3329242C8F2900A05B6A /* ShowToastView.swift in Sources */ = {isa = PBXBuildFile; fileRef = FE5A3324242C8F2900A05B6A /* ShowToastView.swift */; };
		FE5A332A242C8F2900A05B6A /* GameStartView.swift in Sources */ = {isa = PBXBuildFile; fileRef = FE5A3325242C8F2900A05B6A /* GameStartView.swift */; };
		FE5A332B242C8F2900A05B6A /* ScoreTableViewCell.swift in Sources */ = {isa = PBXBuildFile; fileRef = FE5A3326242C8F2900A05B6A /* ScoreTableViewCell.swift */; };
		FE5A332C242C8F2900A05B6A /* ShowToastView.xib in Resources */ = {isa = PBXBuildFile; fileRef = FE5A3327242C8F2900A05B6A /* ShowToastView.xib */; };
		FE5A3330242C8F3500A05B6A /* MenuGoViewController.swift in Sources */ = {isa = PBXBuildFile; fileRef = FE5A332D242C8F3400A05B6A /* MenuGoViewController.swift */; };
		FE5A3331242C8F3500A05B6A /* WhackThirdViewController.swift in Sources */ = {isa = PBXBuildFile; fileRef = FE5A332E242C8F3500A05B6A /* WhackThirdViewController.swift */; };
		FE5A3332242C8F3500A05B6A /* WhackSecendViewController.swift in Sources */ = {isa = PBXBuildFile; fileRef = FE5A332F242C8F3500A05B6A /* WhackSecendViewController.swift */; };
		FE8FE372240E3D8600E5CF1D /* SameSecendViewController.swift in Sources */ = {isa = PBXBuildFile; fileRef = FE8FE371240E3D8600E5CF1D /* SameSecendViewController.swift */; };
		FE8FE374240E3DC300E5CF1D /* SecendSameView.swift in Sources */ = {isa = PBXBuildFile; fileRef = FE8FE373240E3DC300E5CF1D /* SecendSameView.swift */; };
		FE8FE379240E405600E5CF1D /* Ellinia.mp3 in Resources */ = {isa = PBXBuildFile; fileRef = FE8FE377240E405600E5CF1D /* Ellinia.mp3 */; };
		FE8FE37B240E4E3B00E5CF1D /* stab.mp3 in Resources */ = {isa = PBXBuildFile; fileRef = FE8FE37A240E4E3B00E5CF1D /* stab.mp3 */; };
/* End PBXBuildFile section */

/* Begin PBXFileReference section */
		FE0DAD47240E302D00A9D7F6 /* ねこゲーム.app */ = {isa = PBXFileReference; explicitFileType = wrapper.application; includeInIndex = 0; path = "ねこゲーム.app"; sourceTree = BUILT_PRODUCTS_DIR; };
		FE0DAD4A240E302D00A9D7F6 /* AppDelegate.swift */ = {isa = PBXFileReference; lastKnownFileType = sourcecode.swift; path = AppDelegate.swift; sourceTree = "<group>"; };
		FE0DAD4C240E302D00A9D7F6 /* SceneDelegate.swift */ = {isa = PBXFileReference; lastKnownFileType = sourcecode.swift; path = SceneDelegate.swift; sourceTree = "<group>"; };
		FE0DAD4E240E302D00A9D7F6 /* SameFirstViewController.swift */ = {isa = PBXFileReference; lastKnownFileType = sourcecode.swift; path = SameFirstViewController.swift; sourceTree = "<group>"; };
		FE0DAD51240E302D00A9D7F6 /* Base */ = {isa = PBXFileReference; lastKnownFileType = file.storyboard; name = Base; path = Base.lproj/Main.storyboard; sourceTree = "<group>"; };
		FE0DAD53240E302F00A9D7F6 /* Assets.xcassets */ = {isa = PBXFileReference; lastKnownFileType = folder.assetcatalog; path = Assets.xcassets; sourceTree = "<group>"; };
		FE0DAD56240E302F00A9D7F6 /* Base */ = {isa = PBXFileReference; lastKnownFileType = file.storyboard; name = Base; path = Base.lproj/LaunchScreen.storyboard; sourceTree = "<group>"; };
		FE0DAD58240E302F00A9D7F6 /* Info.plist */ = {isa = PBXFileReference; lastKnownFileType = text.plist.xml; path = Info.plist; sourceTree = "<group>"; };
		FE38C852242DEA2200EBB185 /* SameThirdViewController.swift */ = {isa = PBXFileReference; lastKnownFileType = sourcecode.swift; path = SameThirdViewController.swift; sourceTree = "<group>"; };
		FE38C854242DEA9E00EBB185 /* WhackFirstViewController.swift */ = {isa = PBXFileReference; lastKnownFileType = sourcecode.swift; path = WhackFirstViewController.swift; sourceTree = "<group>"; };
		FE38C856242DF38D00EBB185 /* Title.mp3 */ = {isa = PBXFileReference; lastKnownFileType = audio.mp3; path = Title.mp3; sourceTree = "<group>"; };
		FE38C858242DF44400EBB185 /* Ellinia2.mp3 */ = {isa = PBXFileReference; lastKnownFileType = audio.mp3; path = Ellinia2.mp3; sourceTree = "<group>"; };
		FE5A3317242C8F1500A05B6A /* Henesys Floral Life.mp3 */ = {isa = PBXFileReference; lastKnownFileType = audio.mp3; path = "Henesys Floral Life.mp3"; sourceTree = "<group>"; };
		FE5A3318242C8F1500A05B6A /* cat_like3a.mp3 */ = {isa = PBXFileReference; lastKnownFileType = audio.mp3; path = cat_like3a.mp3; sourceTree = "<group>"; };
		FE5A3319242C8F1500A05B6A /* shoot2.mp3 */ = {isa = PBXFileReference; lastKnownFileType = audio.mp3; path = shoot2.mp3; sourceTree = "<group>"; };
		FE5A331B242C8F1500A05B6A /* Kerning Square Field.mp3 */ = {isa = PBXFileReference; lastKnownFileType = audio.mp3; path = "Kerning Square Field.mp3"; sourceTree = "<group>"; };
		FE5A331C242C8F1500A05B6A /* cat_like1a.mp3 */ = {isa = PBXFileReference; lastKnownFileType = audio.mp3; path = cat_like1a.mp3; sourceTree = "<group>"; };
		FE5A3323242C8F2900A05B6A /* ScoreTableViewCell.xib */ = {isa = PBXFileReference; fileEncoding = 4; lastKnownFileType = file.xib; path = ScoreTableViewCell.xib; sourceTree = "<group>"; };
		FE5A3324242C8F2900A05B6A /* ShowToastView.swift */ = {isa = PBXFileReference; fileEncoding = 4; lastKnownFileType = sourcecode.swift; path = ShowToastView.swift; sourceTree = "<group>"; };
		FE5A3325242C8F2900A05B6A /* GameStartView.swift */ = {isa = PBXFileReference; fileEncoding = 4; lastKnownFileType = sourcecode.swift; path = GameStartView.swift; sourceTree = "<group>"; };
		FE5A3326242C8F2900A05B6A /* ScoreTableViewCell.swift */ = {isa = PBXFileReference; fileEncoding = 4; lastKnownFileType = sourcecode.swift; path = ScoreTableViewCell.swift; sourceTree = "<group>"; };
		FE5A3327242C8F2900A05B6A /* ShowToastView.xib */ = {isa = PBXFileReference; fileEncoding = 4; lastKnownFileType = file.xib; path = ShowToastView.xib; sourceTree = "<group>"; };
		FE5A332D242C8F3400A05B6A /* MenuGoViewController.swift */ = {isa = PBXFileReference; fileEncoding = 4; lastKnownFileType = sourcecode.swift; path = MenuGoViewController.swift; sourceTree = "<group>"; };
		FE5A332E242C8F3500A05B6A /* WhackThirdViewController.swift */ = {isa = PBXFileReference; fileEncoding = 4; lastKnownFileType = sourcecode.swift; path = WhackThirdViewController.swift; sourceTree = "<group>"; };
		FE5A332F242C8F3500A05B6A /* WhackSecendViewController.swift */ = {isa = PBXFileReference; fileEncoding = 4; lastKnownFileType = sourcecode.swift; path = WhackSecendViewController.swift; sourceTree = "<group>"; };
		FE8FE371240E3D8600E5CF1D /* SameSecendViewController.swift */ = {isa = PBXFileReference; lastKnownFileType = sourcecode.swift; path = SameSecendViewController.swift; sourceTree = "<group>"; };
		FE8FE373240E3DC300E5CF1D /* SecendSameView.swift */ = {isa = PBXFileReference; lastKnownFileType = sourcecode.swift; path = SecendSameView.swift; sourceTree = "<group>"; };
		FE8FE377240E405600E5CF1D /* Ellinia.mp3 */ = {isa = PBXFileReference; lastKnownFileType = audio.mp3; path = Ellinia.mp3; sourceTree = "<group>"; };
		FE8FE37A240E4E3B00E5CF1D /* stab.mp3 */ = {isa = PBXFileReference; lastKnownFileType = audio.mp3; path = stab.mp3; sourceTree = "<group>"; };
/* End PBXFileReference section */

/* Begin PBXFrameworksBuildPhase section */
		FE0DAD44240E302D00A9D7F6 /* Frameworks */ = {
			isa = PBXFrameworksBuildPhase;
			buildActionMask = 2147483647;
			files = (
			);
			runOnlyForDeploymentPostprocessing = 0;
		};
/* End PBXFrameworksBuildPhase section */

/* Begin PBXGroup section */
		FE0DAD3E240E302D00A9D7F6 = {
			isa = PBXGroup;
			children = (
				FE0DAD49240E302D00A9D7F6 /* CatGame */,
				FE0DAD48240E302D00A9D7F6 /* Products */,
			);
			sourceTree = "<group>";
		};
		FE0DAD48240E302D00A9D7F6 /* Products */ = {
			isa = PBXGroup;
			children = (
				FE0DAD47240E302D00A9D7F6 /* ねこゲーム.app */,
			);
			name = Products;
			sourceTree = "<group>";
		};
		FE0DAD49240E302D00A9D7F6 /* CatGame */ = {
			isa = PBXGroup;
			children = (
				FE8FE375240E401A00E5CF1D /* M */,
				FE8FE370240E3D6200E5CF1D /* V */,
				FE8FE36F240E3D5000E5CF1D /* VC */,
				FE0DAD4A240E302D00A9D7F6 /* AppDelegate.swift */,
				FE0DAD4C240E302D00A9D7F6 /* SceneDelegate.swift */,
				FE0DAD50240E302D00A9D7F6 /* Main.storyboard */,
				FE0DAD53240E302F00A9D7F6 /* Assets.xcassets */,
				FE0DAD55240E302F00A9D7F6 /* LaunchScreen.storyboard */,
				FE0DAD58240E302F00A9D7F6 /* Info.plist */,
			);
			path = CatGame;
			sourceTree = "<group>";
		};
		FE8FE36F240E3D5000E5CF1D /* VC */ = {
			isa = PBXGroup;
			children = (
				FE5A332D242C8F3400A05B6A /* MenuGoViewController.swift */,
				FE38C854242DEA9E00EBB185 /* WhackFirstViewController.swift */,
				FE5A332F242C8F3500A05B6A /* WhackSecendViewController.swift */,
				FE5A332E242C8F3500A05B6A /* WhackThirdViewController.swift */,
				FE0DAD4E240E302D00A9D7F6 /* SameFirstViewController.swift */,
				FE8FE371240E3D8600E5CF1D /* SameSecendViewController.swift */,
				FE38C852242DEA2200EBB185 /* SameThirdViewController.swift */,
			);
			path = VC;
			sourceTree = "<group>";
		};
		FE8FE370240E3D6200E5CF1D /* V */ = {
			isa = PBXGroup;
			children = (
				FE8FE373240E3DC300E5CF1D /* SecendSameView.swift */,
				FE5A3325242C8F2900A05B6A /* GameStartView.swift */,
				FE5A3326242C8F2900A05B6A /* ScoreTableViewCell.swift */,
				FE5A3323242C8F2900A05B6A /* ScoreTableViewCell.xib */,
				FE5A3324242C8F2900A05B6A /* ShowToastView.swift */,
				FE5A3327242C8F2900A05B6A /* ShowToastView.xib */,
			);
			path = V;
			sourceTree = "<group>";
		};
		FE8FE375240E401A00E5CF1D /* M */ = {
			isa = PBXGroup;
			children = (
				FE8FE377240E405600E5CF1D /* Ellinia.mp3 */,
				FE38C858242DF44400EBB185 /* Ellinia2.mp3 */,
				FE8FE37A240E4E3B00E5CF1D /* stab.mp3 */,
				FE38C856242DF38D00EBB185 /* Title.mp3 */,
				FE5A3317242C8F1500A05B6A /* Henesys Floral Life.mp3 */,
				FE5A331B242C8F1500A05B6A /* Kerning Square Field.mp3 */,
				FE5A331C242C8F1500A05B6A /* cat_like1a.mp3 */,
				FE5A3318242C8F1500A05B6A /* cat_like3a.mp3 */,
				FE5A3319242C8F1500A05B6A /* shoot2.mp3 */,
			);
			path = M;
			sourceTree = "<group>";
		};
/* End PBXGroup section */

/* Begin PBXNativeTarget section */
		FE0DAD46240E302D00A9D7F6 /* CatGame */ = {
			isa = PBXNativeTarget;
			buildConfigurationList = FE0DAD5B240E302F00A9D7F6 /* Build configuration list for PBXNativeTarget "CatGame" */;
			buildPhases = (
				FE0DAD43240E302D00A9D7F6 /* Sources */,
				FE0DAD44240E302D00A9D7F6 /* Frameworks */,
				FE0DAD45240E302D00A9D7F6 /* Resources */,
			);
			buildRules = (
			);
			dependencies = (
			);
			name = CatGame;
			productName = SameCard;
			productReference = FE0DAD47240E302D00A9D7F6 /* ねこゲーム.app */;
			productType = "com.apple.product-type.application";
		};
/* End PBXNativeTarget section */

/* Begin PBXProject section */
		FE0DAD3F240E302D00A9D7F6 /* Project object */ = {
			isa = PBXProject;
			attributes = {
				LastSwiftUpdateCheck = 1130;
				LastUpgradeCheck = 1130;
				TargetAttributes = {
					FE0DAD46240E302D00A9D7F6 = {
						CreatedOnToolsVersion = 11.3.1;
					};
				};
			};
			buildConfigurationList = FE0DAD42240E302D00A9D7F6 /* Build configuration list for PBXProject "CatGame" */;
			compatibilityVersion = "Xcode 9.3";
			developmentRegion = en;
			hasScannedForEncodings = 0;
			knownRegions = (
				en,
				Base,
			);
			mainGroup = FE0DAD3E240E302D00A9D7F6;
			productRefGroup = FE0DAD48240E302D00A9D7F6 /* Products */;
			projectDirPath = "";
			projectRoot = "";
			targets = (
				FE0DAD46240E302D00A9D7F6 /* CatGame */,
			);
		};
/* End PBXProject section */

/* Begin PBXResourcesBuildPhase section */
		FE0DAD45240E302D00A9D7F6 /* Resources */ = {
			isa = PBXResourcesBuildPhase;
			buildActionMask = 2147483647;
			files = (
				FE0DAD57240E302F00A9D7F6 /* LaunchScreen.storyboard in Resources */,
				FE5A331E242C8F1500A05B6A /* cat_like3a.mp3 in Resources */,
				FE0DAD54240E302F00A9D7F6 /* Assets.xcassets in Resources */,
				FE8FE37B240E4E3B00E5CF1D /* stab.mp3 in Resources */,
				FE5A3322242C8F1500A05B6A /* cat_like1a.mp3 in Resources */,
				FE5A3321242C8F1500A05B6A /* Kerning Square Field.mp3 in Resources */,
				FE5A3328242C8F2900A05B6A /* ScoreTableViewCell.xib in Resources */,
				FE5A331D242C8F1500A05B6A /* Henesys Floral Life.mp3 in Resources */,
				FE5A331F242C8F1500A05B6A /* shoot2.mp3 in Resources */,
				FE5A332C242C8F2900A05B6A /* ShowToastView.xib in Resources */,
				FE38C859242DF44400EBB185 /* Ellinia2.mp3 in Resources */,
				FE8FE379240E405600E5CF1D /* Ellinia.mp3 in Resources */,
				FE38C857242DF38D00EBB185 /* Title.mp3 in Resources */,
				FE0DAD52240E302D00A9D7F6 /* Main.storyboard in Resources */,
			);
			runOnlyForDeploymentPostprocessing = 0;
		};
/* End PBXResourcesBuildPhase section */

/* Begin PBXSourcesBuildPhase section */
		FE0DAD43240E302D00A9D7F6 /* Sources */ = {
			isa = PBXSourcesBuildPhase;
			buildActionMask = 2147483647;
			files = (
				FE0DAD4F240E302D00A9D7F6 /* SameFirstViewController.swift in Sources */,
				FE5A3331242C8F3500A05B6A /* WhackThirdViewController.swift in Sources */,
				FE38C855242DEA9E00EBB185 /* WhackFirstViewController.swift in Sources */,
				FE5A332B242C8F2900A05B6A /* ScoreTableViewCell.swift in Sources */,
				FE5A3332242C8F3500A05B6A /* WhackSecendViewController.swift in Sources */,
				FE5A332A242C8F2900A05B6A /* GameStartView.swift in Sources */,
				FE5A3330242C8F3500A05B6A /* MenuGoViewController.swift in Sources */,
				FE38C853242DEA2200EBB185 /* SameThirdViewController.swift in Sources */,
				FE0DAD4B240E302D00A9D7F6 /* AppDelegate.swift in Sources */,
				FE8FE374240E3DC300E5CF1D /* SecendSameView.swift in Sources */,
				FE8FE372240E3D8600E5CF1D /* SameSecendViewController.swift in Sources */,
				FE5A3329242C8F2900A05B6A /* ShowToastView.swift in Sources */,
				FE0DAD4D240E302D00A9D7F6 /* SceneDelegate.swift in Sources */,
			);
			runOnlyForDeploymentPostprocessing = 0;
		};
/* End PBXSourcesBuildPhase section */

/* Begin PBXVariantGroup section */
		FE0DAD50240E302D00A9D7F6 /* Main.storyboard */ = {
			isa = PBXVariantGroup;
			children = (
				FE0DAD51240E302D00A9D7F6 /* Base */,
			);
			name = Main.storyboard;
			sourceTree = "<group>";
		};
		FE0DAD55240E302F00A9D7F6 /* LaunchScreen.storyboard */ = {
			isa = PBXVariantGroup;
			children = (
				FE0DAD56240E302F00A9D7F6 /* Base */,
			);
			name = LaunchScreen.storyboard;
			sourceTree = "<group>";
		};
/* End PBXVariantGroup section */

/* Begin XCBuildConfiguration section */
		FE0DAD59240E302F00A9D7F6 /* Debug */ = {
			isa = XCBuildConfiguration;
			buildSettings = {
				ALWAYS_SEARCH_USER_PATHS = NO;
				CLANG_ANALYZER_NONNULL = YES;
				CLANG_ANALYZER_NUMBER_OBJECT_CONVERSION = YES_AGGRESSIVE;
				CLANG_CXX_LANGUAGE_STANDARD = "gnu++14";
				CLANG_CXX_LIBRARY = "libc++";
				CLANG_ENABLE_MODULES = YES;
				CLANG_ENABLE_OBJC_ARC = YES;
				CLANG_ENABLE_OBJC_WEAK = YES;
				CLANG_WARN_BLOCK_CAPTURE_AUTORELEASING = YES;
				CLANG_WARN_BOOL_CONVERSION = YES;
				CLANG_WARN_COMMA = YES;
				CLANG_WARN_CONSTANT_CONVERSION = YES;
				CLANG_WARN_DEPRECATED_OBJC_IMPLEMENTATIONS = YES;
				CLANG_WARN_DIRECT_OBJC_ISA_USAGE = YES_ERROR;
				CLANG_WARN_DOCUMENTATION_COMMENTS = YES;
				CLANG_WARN_EMPTY_BODY = YES;
				CLANG_WARN_ENUM_CONVERSION = YES;
				CLANG_WARN_INFINITE_RECURSION = YES;
				CLANG_WARN_INT_CONVERSION = YES;
				CLANG_WARN_NON_LITERAL_NULL_CONVERSION = YES;
				CLANG_WARN_OBJC_IMPLICIT_RETAIN_SELF = YES;
				CLANG_WARN_OBJC_LITERAL_CONVERSION = YES;
				CLANG_WARN_OBJC_ROOT_CLASS = YES_ERROR;
				CLANG_WARN_RANGE_LOOP_ANALYSIS = YES;
				CLANG_WARN_STRICT_PROTOTYPES = YES;
				CLANG_WARN_SUSPICIOUS_MOVE = YES;
				CLANG_WARN_UNGUARDED_AVAILABILITY = YES_AGGRESSIVE;
				CLANG_WARN_UNREACHABLE_CODE = YES;
				CLANG_WARN__DUPLICATE_METHOD_MATCH = YES;
				COPY_PHASE_STRIP = NO;
				DEBUG_INFORMATION_FORMAT = dwarf;
				ENABLE_STRICT_OBJC_MSGSEND = YES;
				ENABLE_TESTABILITY = YES;
				GCC_C_LANGUAGE_STANDARD = gnu11;
				GCC_DYNAMIC_NO_PIC = NO;
				GCC_NO_COMMON_BLOCKS = YES;
				GCC_OPTIMIZATION_LEVEL = 0;
				GCC_PREPROCESSOR_DEFINITIONS = (
					"DEBUG=1",
					"$(inherited)",
				);
				GCC_WARN_64_TO_32_BIT_CONVERSION = YES;
				GCC_WARN_ABOUT_RETURN_TYPE = YES_ERROR;
				GCC_WARN_UNDECLARED_SELECTOR = YES;
				GCC_WARN_UNINITIALIZED_AUTOS = YES_AGGRESSIVE;
				GCC_WARN_UNUSED_FUNCTION = YES;
				GCC_WARN_UNUSED_VARIABLE = YES;
				IPHONEOS_DEPLOYMENT_TARGET = 13.2;
				MTL_ENABLE_DEBUG_INFO = INCLUDE_SOURCE;
				MTL_FAST_MATH = YES;
				ONLY_ACTIVE_ARCH = YES;
				SDKROOT = iphoneos;
				SWIFT_ACTIVE_COMPILATION_CONDITIONS = DEBUG;
				SWIFT_OPTIMIZATION_LEVEL = "-Onone";
			};
			name = Debug;
		};
		FE0DAD5A240E302F00A9D7F6 /* Release */ = {
			isa = XCBuildConfiguration;
			buildSettings = {
				ALWAYS_SEARCH_USER_PATHS = NO;
				CLANG_ANALYZER_NONNULL = YES;
				CLANG_ANALYZER_NUMBER_OBJECT_CONVERSION = YES_AGGRESSIVE;
				CLANG_CXX_LANGUAGE_STANDARD = "gnu++14";
				CLANG_CXX_LIBRARY = "libc++";
				CLANG_ENABLE_MODULES = YES;
				CLANG_ENABLE_OBJC_ARC = YES;
				CLANG_ENABLE_OBJC_WEAK = YES;
				CLANG_WARN_BLOCK_CAPTURE_AUTORELEASING = YES;
				CLANG_WARN_BOOL_CONVERSION = YES;
				CLANG_WARN_COMMA = YES;
				CLANG_WARN_CONSTANT_CONVERSION = YES;
				CLANG_WARN_DEPRECATED_OBJC_IMPLEMENTATIONS = YES;
				CLANG_WARN_DIRECT_OBJC_ISA_USAGE = YES_ERROR;
				CLANG_WARN_DOCUMENTATION_COMMENTS = YES;
				CLANG_WARN_EMPTY_BODY = YES;
				CLANG_WARN_ENUM_CONVERSION = YES;
				CLANG_WARN_INFINITE_RECURSION = YES;
				CLANG_WARN_INT_CONVERSION = YES;
				CLANG_WARN_NON_LITERAL_NULL_CONVERSION = YES;
				CLANG_WARN_OBJC_IMPLICIT_RETAIN_SELF = YES;
				CLANG_WARN_OBJC_LITERAL_CONVERSION = YES;
				CLANG_WARN_OBJC_ROOT_CLASS = YES_ERROR;
				CLANG_WARN_RANGE_LOOP_ANALYSIS = YES;
				CLANG_WARN_STRICT_PROTOTYPES = YES;
				CLANG_WARN_SUSPICIOUS_MOVE = YES;
				CLANG_WARN_UNGUARDED_AVAILABILITY = YES_AGGRESSIVE;
				CLANG_WARN_UNREACHABLE_CODE = YES;
				CLANG_WARN__DUPLICATE_METHOD_MATCH = YES;
				COPY_PHASE_STRIP = NO;
				DEBUG_INFORMATION_FORMAT = "dwarf-with-dsym";
				ENABLE_NS_ASSERTIONS = NO;
				ENABLE_STRICT_OBJC_MSGSEND = YES;
				GCC_C_LANGUAGE_STANDARD = gnu11;
				GCC_NO_COMMON_BLOCKS = YES;
				GCC_WARN_64_TO_32_BIT_CONVERSION = YES;
				GCC_WARN_ABOUT_RETURN_TYPE = YES_ERROR;
				GCC_WARN_UNDECLARED_SELECTOR = YES;
				GCC_WARN_UNINITIALIZED_AUTOS = YES_AGGRESSIVE;
				GCC_WARN_UNUSED_FUNCTION = YES;
				GCC_WARN_UNUSED_VARIABLE = YES;
				IPHONEOS_DEPLOYMENT_TARGET = 13.2;
				MTL_ENABLE_DEBUG_INFO = NO;
				MTL_FAST_MATH = YES;
				SDKROOT = iphoneos;
				SWIFT_COMPILATION_MODE = wholemodule;
				SWIFT_OPTIMIZATION_LEVEL = "-O";
				VALIDATE_PRODUCT = YES;
			};
			name = Release;
		};
		FE0DAD5C240E302F00A9D7F6 /* Debug */ = {
			isa = XCBuildConfiguration;
			buildSettings = {
				ASSETCATALOG_COMPILER_APPICON_NAME = "AppIcon-1";
				CODE_SIGN_IDENTITY = "iPhone Developer";
				CODE_SIGN_STYLE = Manual;
				CURRENT_PROJECT_VERSION = 0330;
				DEVELOPMENT_TEAM = 53NX2X748H;
				INFOPLIST_FILE = CatGame/Info.plist;
				IPHONEOS_DEPLOYMENT_TARGET = 10.0;
				LD_RUNPATH_SEARCH_PATHS = (
					"$(inherited)",
					"@executable_path/Frameworks",
				);
				MARKETING_VERSION = 2.2.1;
				PRODUCT_BUNDLE_IDENTIFIER = com.hir.catgame;
				PRODUCT_NAME = "ねこゲーム";
				PROVISIONING_PROFILE_SPECIFIER = catgame_dev;
				SWIFT_VERSION = 5.0;
				TARGETED_DEVICE_FAMILY = 1;
			};
			name = Debug;
		};
		FE0DAD5D240E302F00A9D7F6 /* Release */ = {
			isa = XCBuildConfiguration;
			buildSettings = {
				ASSETCATALOG_COMPILER_APPICON_NAME = "AppIcon-1";
				CODE_SIGN_IDENTITY = "iPhone Distribution";
				CODE_SIGN_STYLE = Manual;
				CURRENT_PROJECT_VERSION = 0330;
				DEVELOPMENT_TEAM = 53NX2X748H;
				INFOPLIST_FILE = CatGame/Info.plist;
				IPHONEOS_DEPLOYMENT_TARGET = 10.0;
				LD_RUNPATH_SEARCH_PATHS = (
					"$(inherited)",
					"@executable_path/Frameworks",
				);
				MARKETING_VERSION = 2.2.1;
				PRODUCT_BUNDLE_IDENTIFIER = com.hir.catgame;
				PRODUCT_NAME = "ねこゲーム";
				PROVISIONING_PROFILE_SPECIFIER = catgame_store;
				SWIFT_VERSION = 5.0;
				TARGETED_DEVICE_FAMILY = 1;
			};
			name = Release;
		};
/* End XCBuildConfiguration section */

/* Begin XCConfigurationList section */
		FE0DAD42240E302D00A9D7F6 /* Build configuration list for PBXProject "CatGame" */ = {
			isa = XCConfigurationList;
			buildConfigurations = (
				FE0DAD59240E302F00A9D7F6 /* Debug */,
				FE0DAD5A240E302F00A9D7F6 /* Release */,
			);
			defaultConfigurationIsVisible = 0;
			defaultConfigurationName = Release;
		};
		FE0DAD5B240E302F00A9D7F6 /* Build configuration list for PBXNativeTarget "CatGame" */ = {
			isa = XCConfigurationList;
			buildConfigurations = (
				FE0DAD5C240E302F00A9D7F6 /* Debug */,
				FE0DAD5D240E302F00A9D7F6 /* Release */,
			);
			defaultConfigurationIsVisible = 0;
			defaultConfigurationName = Release;
		};
/* End XCConfigurationList section */
	};
	rootObject = FE0DAD3F240E302D00A9D7F6 /* Project object */;
}
